
Microsoft Visual Studio Solution File, Format Version 12.00
# Visual Studio 15
VisualStudioVersion = 15.0.28307.645
MinimumVisualStudioVersion = 10.0.40219.1
Project("{8BC9CEB8-8B4A-11D0-8D11-00A0C91BC942}") = "SMFL Tutorial", "SMFL Tutorial\SMFL Tutorial.vcxproj", "{66560330-A6EE-464C-BE78-82C5719A9B07}"
EndProject
Global
	GlobalSection(SolutionConfigurationPlatforms) = preSolution
		Debug|x64 = Debug|x64
		Debug|x86 = Debug|x86
		Release|x64 = Release|x64
		Release|x86 = Release|x86
	EndGlobalSection
	GlobalSection(ProjectConfigurationPlatforms) = postSolution
		{66560330-A6EE-464C-BE78-82C5719A9B07}.Debug|x64.ActiveCfg = Debug|x64
		{66560330-A6EE-464C-BE78-82C5719A9B07}.Debug|x64.Build.0 = Debug|x64
		{66560330-A6EE-464C-BE78-82C5719A9B07}.Debug|x86.ActiveCfg = Debug|Win32
		{66560330-A6EE-464C-BE78-82C5719A9B07}.Debug|x86.Build.0 = Debug|Win32
		{66560330-A6EE-464C-BE78-82C5719A9B07}.Release|x64.ActiveCfg = Release|x64
		{66560330-A6EE-464C-BE78-82C5719A9B07}.Release|x64.Build.0 = Release|x64
		{66560330-A6EE-464C-BE78-82C5719A9B07}.Release|x86.ActiveCfg = Release|Win32
		{66560330-A6EE-464C-BE78-82C5719A9B07}.Release|x86.Build.0 = Release|Win32
	EndGlobalSection
	GlobalSection(SolutionProperties) = preSolution
		HideSolutionNode = FALSE
	EndGlobalSection
	GlobalSection(ExtensibilityGlobals) = postSolution
		SolutionGuid = {6736C107-AB47-4AEE-B61A-343BBF385480}
	EndGlobalSection
EndGlobal
